
Microsoft Visual Studio Solution File, Format Version 12.00
# Visual Studio Version 17
VisualStudioVersion = 17.2.32616.157
MinimumVisualStudioVersion = 10.0.40219.1
Project("{888888A0-9F3D-457C-B088-3A5042F75D52}") = "DjangoWebProject3", "DjangoWebProject3.pyproj", "{D7C70AAC-13B8-47DB-A48D-FCCAB06AF924}"
EndProject
Global
	GlobalSection(SolutionConfigurationPlatforms) = preSolution
		Debug|Any CPU = Debug|Any CPU
		Release|Any CPU = Release|Any CPU
	EndGlobalSection
	GlobalSection(ProjectConfigurationPlatforms) = postSolution
		{D7C70AAC-13B8-47DB-A48D-FCCAB06AF924}.Debug|Any CPU.ActiveCfg = Debug|Any CPU
		{D7C70AAC-13B8-47DB-A48D-FCCAB06AF924}.Debug|Any CPU.Build.0 = Debug|Any CPU
		{D7C70AAC-13B8-47DB-A48D-FCCAB06AF924}.Release|Any CPU.ActiveCfg = Release|Any CPU
		{D7C70AAC-13B8-47DB-A48D-FCCAB06AF924}.Release|Any CPU.Build.0 = Release|Any CPU
	EndGlobalSection
	GlobalSection(SolutionProperties) = preSolution
		HideSolutionNode = FALSE
	EndGlobalSection
	GlobalSection(ExtensibilityGlobals) = postSolution
		SolutionGuid = {4FAF37C9-9046-45C7-953B-660E1414456D}
	EndGlobalSection
EndGlobal
